
Microsoft Visual Studio Solution File, Format Version 12.00
# Visual Studio Version 17
VisualStudioVersion = 17.5.33516.290
MinimumVisualStudioVersion = 10.0.40219.1
Project("{FAE04EC0-301F-11D3-BF4B-00C04F79EFBC}") = "Powershark", "Powershark\Powershark.csproj", "{604F8FCA-2C11-4CBD-81D4-E1F095CABE72}"
EndProject
Project("{FAE04EC0-301F-11D3-BF4B-00C04F79EFBC}") = "PowersharkWeb", "PowersharkWeb\PowersharkWeb.csproj", "{791F2B01-1F15-4E36-A39F-C153141E7112}"
EndProject
Global
	GlobalSection(SolutionConfigurationPlatforms) = preSolution
		Debug|Any CPU = Debug|Any CPU
		Release|Any CPU = Release|Any CPU
	EndGlobalSection
	GlobalSection(ProjectConfigurationPlatforms) = postSolution
		{604F8FCA-2C11-4CBD-81D4-E1F095CABE72}.Debug|Any CPU.ActiveCfg = Debug|Any CPU
		{604F8FCA-2C11-4CBD-81D4-E1F095CABE72}.Debug|Any CPU.Build.0 = Debug|Any CPU
		{604F8FCA-2C11-4CBD-81D4-E1F095CABE72}.Debug|Any CPU.Deploy.0 = Debug|Any CPU
		{604F8FCA-2C11-4CBD-81D4-E1F095CABE72}.Release|Any CPU.ActiveCfg = Release|Any CPU
		{604F8FCA-2C11-4CBD-81D4-E1F095CABE72}.Release|Any CPU.Build.0 = Release|Any CPU
		{604F8FCA-2C11-4CBD-81D4-E1F095CABE72}.Release|Any CPU.Deploy.0 = Release|Any CPU
		{791F2B01-1F15-4E36-A39F-C153141E7112}.Debug|Any CPU.ActiveCfg = Debug|Any CPU
		{791F2B01-1F15-4E36-A39F-C153141E7112}.Debug|Any CPU.Build.0 = Debug|Any CPU
		{791F2B01-1F15-4E36-A39F-C153141E7112}.Release|Any CPU.ActiveCfg = Release|Any CPU
		{791F2B01-1F15-4E36-A39F-C153141E7112}.Release|Any CPU.Build.0 = Release|Any CPU
	EndGlobalSection
	GlobalSection(SolutionProperties) = preSolution
		HideSolutionNode = FALSE
	EndGlobalSection
	GlobalSection(ExtensibilityGlobals) = postSolution
		SolutionGuid = {225391EF-22A1-4B31-BCEC-188502ED92BD}
	EndGlobalSection
EndGlobal
